
Microsoft Visual Studio Solution File, Format Version 12.00
# Visual Studio Version 16
VisualStudioVersion = 16.0.32428.217
MinimumVisualStudioVersion = 10.0.40219.1
Project("{FAE04EC0-301F-11D3-BF4B-00C04F79EFBC}") = "StringIterate", "StringIterate.csproj", "{8F0D784F-6C44-4365-804B-2D47D1F4F014}"
EndProject
Global
	GlobalSection(SolutionConfigurationPlatforms) = preSolution
		Debug|Any CPU = Debug|Any CPU
		Release|Any CPU = Release|Any CPU
	EndGlobalSection
	GlobalSection(ProjectConfigurationPlatforms) = postSolution
		{8F0D784F-6C44-4365-804B-2D47D1F4F014}.Debug|Any CPU.ActiveCfg = Debug|Any CPU
		{8F0D784F-6C44-4365-804B-2D47D1F4F014}.Debug|Any CPU.Build.0 = Debug|Any CPU
		{8F0D784F-6C44-4365-804B-2D47D1F4F014}.Release|Any CPU.ActiveCfg = Release|Any CPU
		{8F0D784F-6C44-4365-804B-2D47D1F4F014}.Release|Any CPU.Build.0 = Release|Any CPU
	EndGlobalSection
	GlobalSection(SolutionProperties) = preSolution
		HideSolutionNode = FALSE
	EndGlobalSection
	GlobalSection(ExtensibilityGlobals) = postSolution
		SolutionGuid = {465BB995-DCEB-4E8A-BD2E-B68AAC63F30D}
	EndGlobalSection
EndGlobal
