
Microsoft Visual Studio Solution File, Format Version 12.00
# Visual Studio Version 16
VisualStudioVersion = 16.0.32428.217
MinimumVisualStudioVersion = 10.0.40219.1
Project("{FAE04EC0-301F-11D3-BF4B-00C04F79EFBC}") = "CallingMethods_Assignment", "CallingMethods_Assignment.csproj", "{9BD22451-8736-41DE-BA34-FF836FD37D1D}"
EndProject
Global
	GlobalSection(SolutionConfigurationPlatforms) = preSolution
		Debug|Any CPU = Debug|Any CPU
		Release|Any CPU = Release|Any CPU
	EndGlobalSection
	GlobalSection(ProjectConfigurationPlatforms) = postSolution
		{9BD22451-8736-41DE-BA34-FF836FD37D1D}.Debug|Any CPU.ActiveCfg = Debug|Any CPU
		{9BD22451-8736-41DE-BA34-FF836FD37D1D}.Debug|Any CPU.Build.0 = Debug|Any CPU
		{9BD22451-8736-41DE-BA34-FF836FD37D1D}.Release|Any CPU.ActiveCfg = Release|Any CPU
		{9BD22451-8736-41DE-BA34-FF836FD37D1D}.Release|Any CPU.Build.0 = Release|Any CPU
	EndGlobalSection
	GlobalSection(SolutionProperties) = preSolution
		HideSolutionNode = FALSE
	EndGlobalSection
	GlobalSection(ExtensibilityGlobals) = postSolution
		SolutionGuid = {24EDB2A1-3E94-4772-BC6F-BBE78DA96C12}
	EndGlobalSection
EndGlobal
