
Microsoft Visual Studio Solution File, Format Version 12.00
# Visual Studio Version 16
VisualStudioVersion = 16.0.32428.217
MinimumVisualStudioVersion = 10.0.40219.1
Project("{FAE04EC0-301F-11D3-BF4B-00C04F79EFBC}") = "Inheritance_Assignment", "Inheritance_Assignment.csproj", "{DC910F1D-2F88-46B7-9F66-25B650EB0FEF}"
EndProject
Global
	GlobalSection(SolutionConfigurationPlatforms) = preSolution
		Debug|Any CPU = Debug|Any CPU
		Release|Any CPU = Release|Any CPU
	EndGlobalSection
	GlobalSection(ProjectConfigurationPlatforms) = postSolution
		{DC910F1D-2F88-46B7-9F66-25B650EB0FEF}.Debug|Any CPU.ActiveCfg = Debug|Any CPU
		{DC910F1D-2F88-46B7-9F66-25B650EB0FEF}.Debug|Any CPU.Build.0 = Debug|Any CPU
		{DC910F1D-2F88-46B7-9F66-25B650EB0FEF}.Release|Any CPU.ActiveCfg = Release|Any CPU
		{DC910F1D-2F88-46B7-9F66-25B650EB0FEF}.Release|Any CPU.Build.0 = Release|Any CPU
	EndGlobalSection
	GlobalSection(SolutionProperties) = preSolution
		HideSolutionNode = FALSE
	EndGlobalSection
	GlobalSection(ExtensibilityGlobals) = postSolution
		SolutionGuid = {64E93468-23A8-4231-B917-3E11C2FF5F35}
	EndGlobalSection
EndGlobal
